
Microsoft Visual Studio Solution File, Format Version 12.00
# Visual Studio Version 17
VisualStudioVersion = 17.2.32616.157
MinimumVisualStudioVersion = 10.0.40219.1
Project("{FAE04EC0-301F-11D3-BF4B-00C04F79EFBC}") = "GuessingGame", "GuessingGame\GuessingGame.csproj", "{BB6104ED-64F8-4658-A3D2-10BE8B2D618C}"
EndProject
Global
	GlobalSection(SolutionConfigurationPlatforms) = preSolution
		Debug|Any CPU = Debug|Any CPU
		Release|Any CPU = Release|Any CPU
	EndGlobalSection
	GlobalSection(ProjectConfigurationPlatforms) = postSolution
		{BB6104ED-64F8-4658-A3D2-10BE8B2D618C}.Debug|Any CPU.ActiveCfg = Debug|Any CPU
		{BB6104ED-64F8-4658-A3D2-10BE8B2D618C}.Debug|Any CPU.Build.0 = Debug|Any CPU
		{BB6104ED-64F8-4658-A3D2-10BE8B2D618C}.Release|Any CPU.ActiveCfg = Release|Any CPU
		{BB6104ED-64F8-4658-A3D2-10BE8B2D618C}.Release|Any CPU.Build.0 = Release|Any CPU
	EndGlobalSection
	GlobalSection(SolutionProperties) = preSolution
		HideSolutionNode = FALSE
	EndGlobalSection
	GlobalSection(ExtensibilityGlobals) = postSolution
		SolutionGuid = {3B716D2B-3A3F-4787-97BF-E5D350F2C04F}
	EndGlobalSection
EndGlobal
